
Microsoft Visual Studio Solution File, Format Version 12.00
# Visual Studio Version 17
VisualStudioVersion = 17.4.33110.190
MinimumVisualStudioVersion = 10.0.40219.1
Project("{FAE04EC0-301F-11D3-BF4B-00C04F79EFBC}") = "testtesttest", "testtesttest\testtesttest.csproj", "{C0F58DFC-EEB1-4BE8-B1CC-0D5B5D33963B}"
EndProject
Global
	GlobalSection(SolutionConfigurationPlatforms) = preSolution
		Debug|Any CPU = Debug|Any CPU
		Release|Any CPU = Release|Any CPU
	EndGlobalSection
	GlobalSection(ProjectConfigurationPlatforms) = postSolution
		{C0F58DFC-EEB1-4BE8-B1CC-0D5B5D33963B}.Debug|Any CPU.ActiveCfg = Debug|Any CPU
		{C0F58DFC-EEB1-4BE8-B1CC-0D5B5D33963B}.Debug|Any CPU.Build.0 = Debug|Any CPU
		{C0F58DFC-EEB1-4BE8-B1CC-0D5B5D33963B}.Release|Any CPU.ActiveCfg = Release|Any CPU
		{C0F58DFC-EEB1-4BE8-B1CC-0D5B5D33963B}.Release|Any CPU.Build.0 = Release|Any CPU
	EndGlobalSection
	GlobalSection(SolutionProperties) = preSolution
		HideSolutionNode = FALSE
	EndGlobalSection
	GlobalSection(ExtensibilityGlobals) = postSolution
		SolutionGuid = {2B46340B-B127-4EB5-B6D0-49F9F008DDE2}
	EndGlobalSection
EndGlobal
